// !$*UTF8*$!
{
	archiveVersion = 1;
	classes = {
	};
	objectVersion = 51;
	objects = {

/* Begin PBXBuildFile section */
		2392761A2695619C00BC94D3 /* AppDelegate.swift in Sources */ = {isa = PBXBuildFile; fileRef = 239276192695619C00BC94D3 /* AppDelegate.swift */; };
		2392761C2695619C00BC94D3 /* SceneDelegate.swift in Sources */ = {isa = PBXBuildFile; fileRef = 2392761B2695619C00BC94D3 /* SceneDelegate.swift */; };
		2392761E2695619C00BC94D3 /* ViewController.swift in Sources */ = {isa = PBXBuildFile; fileRef = 2392761D2695619C00BC94D3 /* ViewController.swift */; };
		239276212695619C00BC94D3 /* Main.storyboard in Resources */ = {isa = PBXBuildFile; fileRef = 2392761F2695619C00BC94D3 /* Main.storyboard */; };
		239276232695619E00BC94D3 /* Assets.xcassets in Resources */ = {isa = PBXBuildFile; fileRef = 239276222695619E00BC94D3 /* Assets.xcassets */; };
		239276262695619E00BC94D3 /* LaunchScreen.storyboard in Resources */ = {isa = PBXBuildFile; fileRef = 239276242695619E00BC94D3 /* LaunchScreen.storyboard */; };
		239276312695619F00BC94D3 /* udpTestTests.swift in Sources */ = {isa = PBXBuildFile; fileRef = 239276302695619F00BC94D3 /* udpTestTests.swift */; };
		2392763C2695619F00BC94D3 /* udpTestUITests.swift in Sources */ = {isa = PBXBuildFile; fileRef = 2392763B2695619F00BC94D3 /* udpTestUITests.swift */; };
		2392764A2695C64900BC94D3 /* HelloViewController.swift in Sources */ = {isa = PBXBuildFile; fileRef = 239276492695C64900BC94D3 /* HelloViewController.swift */; };
		35FA403B282690F845CC67AC /* Pods_udpTest_udpTestUITests.framework in Frameworks */ = {isa = PBXBuildFile; fileRef = 52CC252658640D3CD2D9B3C7 /* Pods_udpTest_udpTestUITests.framework */; };
		4F1CC632F2CD087B959CFD0A /* Pods_udpTest.framework in Frameworks */ = {isa = PBXBuildFile; fileRef = 28593B25F1DABD90AD2B6B03 /* Pods_udpTest.framework */; };
		5B0F780762124110A97C629A /* Pods_udpTestTests.framework in Frameworks */ = {isa = PBXBuildFile; fileRef = 55AA2B9D9271FDA3641E6A22 /* Pods_udpTestTests.framework */; };
/* End PBXBuildFile section */

/* Begin PBXContainerItemProxy section */
		2392762D2695619F00BC94D3 /* PBXContainerItemProxy */ = {
			isa = PBXContainerItemProxy;
			containerPortal = 2392760E2695619C00BC94D3 /* Project object */;
			proxyType = 1;
			remoteGlobalIDString = 239276152695619C00BC94D3;
			remoteInfo = udpTest;
		};
		239276382695619F00BC94D3 /* PBXContainerItemProxy */ = {
			isa = PBXContainerItemProxy;
			containerPortal = 2392760E2695619C00BC94D3 /* Project object */;
			proxyType = 1;
			remoteGlobalIDString = 239276152695619C00BC94D3;
			remoteInfo = udpTest;
		};
/* End PBXContainerItemProxy section */

/* Begin PBXFileReference section */
		030B56F943AB2CB7B2F3E207 /* Pods-udpTest-udpTestUITests.release.xcconfig */ = {isa = PBXFileReference; includeInIndex = 1; lastKnownFileType = text.xcconfig; name = "Pods-udpTest-udpTestUITests.release.xcconfig"; path = "Target Support Files/Pods-udpTest-udpTestUITests/Pods-udpTest-udpTestUITests.release.xcconfig"; sourceTree = "<group>"; };
		208C9EBBAFCE38BE2CA0A3A0 /* Pods-udpTestTests.release.xcconfig */ = {isa = PBXFileReference; includeInIndex = 1; lastKnownFileType = text.xcconfig; name = "Pods-udpTestTests.release.xcconfig"; path = "Target Support Files/Pods-udpTestTests/Pods-udpTestTests.release.xcconfig"; sourceTree = "<group>"; };
		239276162695619C00BC94D3 /* udpTest.app */ = {isa = PBXFileReference; explicitFileType = wrapper.application; includeInIndex = 0; path = udpTest.app; sourceTree = BUILT_PRODUCTS_DIR; };
		239276192695619C00BC94D3 /* AppDelegate.swift */ = {isa = PBXFileReference; lastKnownFileType = sourcecode.swift; path = AppDelegate.swift; sourceTree = "<group>"; };
		2392761B2695619C00BC94D3 /* SceneDelegate.swift */ = {isa = PBXFileReference; lastKnownFileType = sourcecode.swift; path = SceneDelegate.swift; sourceTree = "<group>"; };
		2392761D2695619C00BC94D3 /* ViewController.swift */ = {isa = PBXFileReference; lastKnownFileType = sourcecode.swift; path = ViewController.swift; sourceTree = "<group>"; };
		239276202695619C00BC94D3 /* Base */ = {isa = PBXFileReference; lastKnownFileType = file.storyboard; name = Base; path = Base.lproj/Main.storyboard; sourceTree = "<group>"; };
		239276222695619E00BC94D3 /* Assets.xcassets */ = {isa = PBXFileReference; lastKnownFileType = folder.assetcatalog; path = Assets.xcassets; sourceTree = "<group>"; };
		239276252695619E00BC94D3 /* Base */ = {isa = PBXFileReference; lastKnownFileType = file.storyboard; name = Base; path = Base.lproj/LaunchScreen.storyboard; sourceTree = "<group>"; };
		239276272695619E00BC94D3 /* Info.plist */ = {isa = PBXFileReference; lastKnownFileType = text.plist.xml; path = Info.plist; sourceTree = "<group>"; };
		2392762C2695619F00BC94D3 /* udpTestTests.xctest */ = {isa = PBXFileReference; explicitFileType = wrapper.cfbundle; includeInIndex = 0; path = udpTestTests.xctest; sourceTree = BUILT_PRODUCTS_DIR; };
		239276302695619F00BC94D3 /* udpTestTests.swift */ = {isa = PBXFileReference; lastKnownFileType = sourcecode.swift; path = udpTestTests.swift; sourceTree = "<group>"; };
		239276322695619F00BC94D3 /* Info.plist */ = {isa = PBXFileReference; lastKnownFileType = text.plist.xml; path = Info.plist; sourceTree = "<group>"; };
		239276372695619F00BC94D3 /* udpTestUITests.xctest */ = {isa = PBXFileReference; explicitFileType = wrapper.cfbundle; includeInIndex = 0; path = udpTestUITests.xctest; sourceTree = BUILT_PRODUCTS_DIR; };
		2392763B2695619F00BC94D3 /* udpTestUITests.swift */ = {isa = PBXFileReference; lastKnownFileType = sourcecode.swift; path = udpTestUITests.swift; sourceTree = "<group>"; };
		2392763D2695619F00BC94D3 /* Info.plist */ = {isa = PBXFileReference; lastKnownFileType = text.plist.xml; path = Info.plist; sourceTree = "<group>"; };
		239276492695C64900BC94D3 /* HelloViewController.swift */ = {isa = PBXFileReference; lastKnownFileType = sourcecode.swift; path = HelloViewController.swift; sourceTree = "<group>"; };
		28593B25F1DABD90AD2B6B03 /* Pods_udpTest.framework */ = {isa = PBXFileReference; explicitFileType = wrapper.framework; includeInIndex = 0; path = Pods_udpTest.framework; sourceTree = BUILT_PRODUCTS_DIR; };
		4D29783FB6E90AEA473ED7EE /* Pods-udpTestTests.debug.xcconfig */ = {isa = PBXFileReference; includeInIndex = 1; lastKnownFileType = text.xcconfig; name = "Pods-udpTestTests.debug.xcconfig"; path = "Target Support Files/Pods-udpTestTests/Pods-udpTestTests.debug.xcconfig"; sourceTree = "<group>"; };
		52CC252658640D3CD2D9B3C7 /* Pods_udpTest_udpTestUITests.framework */ = {isa = PBXFileReference; explicitFileType = wrapper.framework; includeInIndex = 0; path = Pods_udpTest_udpTestUITests.framework; sourceTree = BUILT_PRODUCTS_DIR; };
		55AA2B9D9271FDA3641E6A22 /* Pods_udpTestTests.framework */ = {isa = PBXFileReference; explicitFileType = wrapper.framework; includeInIndex = 0; path = Pods_udpTestTests.framework; sourceTree = BUILT_PRODUCTS_DIR; };
		9A83FAD05DFBBD8304C1E6B1 /* Pods-udpTest.release.xcconfig */ = {isa = PBXFileReference; includeInIndex = 1; lastKnownFileType = text.xcconfig; name = "Pods-udpTest.release.xcconfig"; path = "Target Support Files/Pods-udpTest/Pods-udpTest.release.xcconfig"; sourceTree = "<group>"; };
		A7C57F1D6DF35A2797EDE9FF /* Pods-udpTest.debug.xcconfig */ = {isa = PBXFileReference; includeInIndex = 1; lastKnownFileType = text.xcconfig; name = "Pods-udpTest.debug.xcconfig"; path = "Target Support Files/Pods-udpTest/Pods-udpTest.debug.xcconfig"; sourceTree = "<group>"; };
		A85174B54E78E8A20F6577C0 /* Pods-udpTest-udpTestUITests.debug.xcconfig */ = {isa = PBXFileReference; includeInIndex = 1; lastKnownFileType = text.xcconfig; name = "Pods-udpTest-udpTestUITests.debug.xcconfig"; path = "Target Support Files/Pods-udpTest-udpTestUITests/Pods-udpTest-udpTestUITests.debug.xcconfig"; sourceTree = "<group>"; };
/* End PBXFileReference section */

/* Begin PBXFrameworksBuildPhase section */
		239276132695619C00BC94D3 /* Frameworks */ = {
			isa = PBXFrameworksBuildPhase;
			buildActionMask = 2147483647;
			files = (
				4F1CC632F2CD087B959CFD0A /* Pods_udpTest.framework in Frameworks */,
			);
			runOnlyForDeploymentPostprocessing = 0;
		};
		239276292695619F00BC94D3 /* Frameworks */ = {
			isa = PBXFrameworksBuildPhase;
			buildActionMask = 2147483647;
			files = (
				5B0F780762124110A97C629A /* Pods_udpTestTests.framework in Frameworks */,
			);
			runOnlyForDeploymentPostprocessing = 0;
		};
		239276342695619F00BC94D3 /* Frameworks */ = {
			isa = PBXFrameworksBuildPhase;
			buildActionMask = 2147483647;
			files = (
				35FA403B282690F845CC67AC /* Pods_udpTest_udpTestUITests.framework in Frameworks */,
			);
			runOnlyForDeploymentPostprocessing = 0;
		};
/* End PBXFrameworksBuildPhase section */

/* Begin PBXGroup section */
		2392760D2695619C00BC94D3 = {
			isa = PBXGroup;
			children = (
				239276182695619C00BC94D3 /* udpTest */,
				2392762F2695619F00BC94D3 /* udpTestTests */,
				2392763A2695619F00BC94D3 /* udpTestUITests */,
				239276172695619C00BC94D3 /* Products */,
				4961F9341772C01F1598EDF8 /* Pods */,
				42D8C6FA9D23FFD4171A1A53 /* Frameworks */,
			);
			sourceTree = "<group>";
		};
		239276172695619C00BC94D3 /* Products */ = {
			isa = PBXGroup;
			children = (
				239276162695619C00BC94D3 /* udpTest.app */,
				2392762C2695619F00BC94D3 /* udpTestTests.xctest */,
				239276372695619F00BC94D3 /* udpTestUITests.xctest */,
			);
			name = Products;
			sourceTree = "<group>";
		};
		239276182695619C00BC94D3 /* udpTest */ = {
			isa = PBXGroup;
			children = (
				239276192695619C00BC94D3 /* AppDelegate.swift */,
				2392761B2695619C00BC94D3 /* SceneDelegate.swift */,
				2392761D2695619C00BC94D3 /* ViewController.swift */,
				239276492695C64900BC94D3 /* HelloViewController.swift */,
				2392761F2695619C00BC94D3 /* Main.storyboard */,
				239276222695619E00BC94D3 /* Assets.xcassets */,
				239276242695619E00BC94D3 /* LaunchScreen.storyboard */,
				239276272695619E00BC94D3 /* Info.plist */,
			);
			path = udpTest;
			sourceTree = "<group>";
		};
		2392762F2695619F00BC94D3 /* udpTestTests */ = {
			isa = PBXGroup;
			children = (
				239276302695619F00BC94D3 /* udpTestTests.swift */,
				239276322695619F00BC94D3 /* Info.plist */,
			);
			path = udpTestTests;
			sourceTree = "<group>";
		};
		2392763A2695619F00BC94D3 /* udpTestUITests */ = {
			isa = PBXGroup;
			children = (
				2392763B2695619F00BC94D3 /* udpTestUITests.swift */,
				2392763D2695619F00BC94D3 /* Info.plist */,
			);
			path = udpTestUITests;
			sourceTree = "<group>";
		};
		42D8C6FA9D23FFD4171A1A53 /* Frameworks */ = {
			isa = PBXGroup;
			children = (
				28593B25F1DABD90AD2B6B03 /* Pods_udpTest.framework */,
				52CC252658640D3CD2D9B3C7 /* Pods_udpTest_udpTestUITests.framework */,
				55AA2B9D9271FDA3641E6A22 /* Pods_udpTestTests.framework */,
			);
			name = Frameworks;
			sourceTree = "<group>";
		};
		4961F9341772C01F1598EDF8 /* Pods */ = {
			isa = PBXGroup;
			children = (
				A7C57F1D6DF35A2797EDE9FF /* Pods-udpTest.debug.xcconfig */,
				9A83FAD05DFBBD8304C1E6B1 /* Pods-udpTest.release.xcconfig */,
				A85174B54E78E8A20F6577C0 /* Pods-udpTest-udpTestUITests.debug.xcconfig */,
				030B56F943AB2CB7B2F3E207 /* Pods-udpTest-udpTestUITests.release.xcconfig */,
				4D29783FB6E90AEA473ED7EE /* Pods-udpTestTests.debug.xcconfig */,
				208C9EBBAFCE38BE2CA0A3A0 /* Pods-udpTestTests.release.xcconfig */,
			);
			path = Pods;
			sourceTree = "<group>";
		};
/* End PBXGroup section */

/* Begin PBXNativeTarget section */
		239276152695619C00BC94D3 /* udpTest */ = {
			isa = PBXNativeTarget;
			buildConfigurationList = 239276402695619F00BC94D3 /* Build configuration list for PBXNativeTarget "udpTest" */;
			buildPhases = (
				5DC72D2023667571255C010B /* [CP] Check Pods Manifest.lock */,
				239276122695619C00BC94D3 /* Sources */,
				239276132695619C00BC94D3 /* Frameworks */,
				239276142695619C00BC94D3 /* Resources */,
				92461F34FFE9D34020584425 /* [CP] Embed Pods Frameworks */,
			);
			buildRules = (
			);
			dependencies = (
			);
			name = udpTest;
			productName = udpTest;
			productReference = 239276162695619C00BC94D3 /* udpTest.app */;
			productType = "com.apple.product-type.application";
		};
		2392762B2695619F00BC94D3 /* udpTestTests */ = {
			isa = PBXNativeTarget;
			buildConfigurationList = 239276432695619F00BC94D3 /* Build configuration list for PBXNativeTarget "udpTestTests" */;
			buildPhases = (
				3F33A81486D789045CF18333 /* [CP] Check Pods Manifest.lock */,
				239276282695619F00BC94D3 /* Sources */,
				239276292695619F00BC94D3 /* Frameworks */,
				2392762A2695619F00BC94D3 /* Resources */,
			);
			buildRules = (
			);
			dependencies = (
				2392762E2695619F00BC94D3 /* PBXTargetDependency */,
			);
			name = udpTestTests;
			productName = udpTestTests;
			productReference = 2392762C2695619F00BC94D3 /* udpTestTests.xctest */;
			productType = "com.apple.product-type.bundle.unit-test";
		};
		239276362695619F00BC94D3 /* udpTestUITests */ = {
			isa = PBXNativeTarget;
			buildConfigurationList = 239276462695619F00BC94D3 /* Build configuration list for PBXNativeTarget "udpTestUITests" */;
			buildPhases = (
				D21DAF232B529357B11E177E /* [CP] Check Pods Manifest.lock */,
				239276332695619F00BC94D3 /* Sources */,
				239276342695619F00BC94D3 /* Frameworks */,
				239276352695619F00BC94D3 /* Resources */,
				337CB04B5A0C29EFE7FC9DC4 /* [CP] Embed Pods Frameworks */,
			);
			buildRules = (
			);
			dependencies = (
				239276392695619F00BC94D3 /* PBXTargetDependency */,
			);
			name = udpTestUITests;
			productName = udpTestUITests;
			productReference = 239276372695619F00BC94D3 /* udpTestUITests.xctest */;
			productType = "com.apple.product-type.bundle.ui-testing";
		};
/* End PBXNativeTarget section */

/* Begin PBXProject section */
		2392760E2695619C00BC94D3 /* Project object */ = {
			isa = PBXProject;
			attributes = {
				LastSwiftUpdateCheck = 1250;
				LastUpgradeCheck = 1250;
				TargetAttributes = {
					239276152695619C00BC94D3 = {
						CreatedOnToolsVersion = 12.5;
					};
					2392762B2695619F00BC94D3 = {
						CreatedOnToolsVersion = 12.5;
						TestTargetID = 239276152695619C00BC94D3;
					};
					239276362695619F00BC94D3 = {
						CreatedOnToolsVersion = 12.5;
						TestTargetID = 239276152695619C00BC94D3;
					};
				};
			};
			buildConfigurationList = 239276112695619C00BC94D3 /* Build configuration list for PBXProject "udpTest" */;
			compatibilityVersion = "Xcode 9.3";
			developmentRegion = en;
			hasScannedForEncodings = 0;
			knownRegions = (
				en,
				Base,
			);
			mainGroup = 2392760D2695619C00BC94D3;
			productRefGroup = 239276172695619C00BC94D3 /* Products */;
			projectDirPath = "";
			projectRoot = "";
			targets = (
				239276152695619C00BC94D3 /* udpTest */,
				2392762B2695619F00BC94D3 /* udpTestTests */,
				239276362695619F00BC94D3 /* udpTestUITests */,
			);
		};
/* End PBXProject section */

/* Begin PBXResourcesBuildPhase section */
		239276142695619C00BC94D3 /* Resources */ = {
			isa = PBXResourcesBuildPhase;
			buildActionMask = 2147483647;
			files = (
				239276262695619E00BC94D3 /* LaunchScreen.storyboard in Resources */,
				239276232695619E00BC94D3 /* Assets.xcassets in Resources */,
				239276212695619C00BC94D3 /* Main.storyboard in Resources */,
			);
			runOnlyForDeploymentPostprocessing = 0;
		};
		2392762A2695619F00BC94D3 /* Resources */ = {
			isa = PBXResourcesBuildPhase;
			buildActionMask = 2147483647;
			files = (
			);
			runOnlyForDeploymentPostprocessing = 0;
		};
		239276352695619F00BC94D3 /* Resources */ = {
			isa = PBXResourcesBuildPhase;
			buildActionMask = 2147483647;
			files = (
			);
			runOnlyForDeploymentPostprocessing = 0;
		};
/* End PBXResourcesBuildPhase section */

/* Begin PBXShellScriptBuildPhase section */
		337CB04B5A0C29EFE7FC9DC4 /* [CP] Embed Pods Frameworks */ = {
			isa = PBXShellScriptBuildPhase;
			buildActionMask = 2147483647;
			files = (
			);
			inputFileListPaths = (
				"${PODS_ROOT}/Target Support Files/Pods-udpTest-udpTestUITests/Pods-udpTest-udpTestUITests-frameworks-${CONFIGURATION}-input-files.xcfilelist",
			);
			name = "[CP] Embed Pods Frameworks";
			outputFileListPaths = (
				"${PODS_ROOT}/Target Support Files/Pods-udpTest-udpTestUITests/Pods-udpTest-udpTestUITests-frameworks-${CONFIGURATION}-output-files.xcfilelist",
			);
			runOnlyForDeploymentPostprocessing = 0;
			shellPath = /bin/sh;
			shellScript = "\"${PODS_ROOT}/Target Support Files/Pods-udpTest-udpTestUITests/Pods-udpTest-udpTestUITests-frameworks.sh\"\n";
			showEnvVarsInLog = 0;
		};
		3F33A81486D789045CF18333 /* [CP] Check Pods Manifest.lock */ = {
			isa = PBXShellScriptBuildPhase;
			buildActionMask = 2147483647;
			files = (
			);
			inputFileListPaths = (
			);
			inputPaths = (
				"${PODS_PODFILE_DIR_PATH}/Podfile.lock",
				"${PODS_ROOT}/Manifest.lock",
			);
			name = "[CP] Check Pods Manifest.lock";
			outputFileListPaths = (
			);
			outputPaths = (
				"$(DERIVED_FILE_DIR)/Pods-udpTestTests-checkManifestLockResult.txt",
			);
			runOnlyForDeploymentPostprocessing = 0;
			shellPath = /bin/sh;
			shellScript = "diff \"${PODS_PODFILE_DIR_PATH}/Podfile.lock\" \"${PODS_ROOT}/Manifest.lock\" > /dev/null\nif [ $? != 0 ] ; then\n    # print error to STDERR\n    echo \"error: The sandbox is not in sync with the Podfile.lock. Run 'pod install' or update your CocoaPods installation.\" >&2\n    exit 1\nfi\n# This output is used by Xcode 'outputs' to avoid re-running this script phase.\necho \"SUCCESS\" > \"${SCRIPT_OUTPUT_FILE_0}\"\n";
			showEnvVarsInLog = 0;
		};
		5DC72D2023667571255C010B /* [CP] Check Pods Manifest.lock */ = {
			isa = PBXShellScriptBuildPhase;
			buildActionMask = 2147483647;
			files = (
			);
			inputFileListPaths = (
			);
			inputPaths = (
				"${PODS_PODFILE_DIR_PATH}/Podfile.lock",
				"${PODS_ROOT}/Manifest.lock",
			);
			name = "[CP] Check Pods Manifest.lock";
			outputFileListPaths = (
			);
			outputPaths = (
				"$(DERIVED_FILE_DIR)/Pods-udpTest-checkManifestLockResult.txt",
			);
			runOnlyForDeploymentPostprocessing = 0;
			shellPath = /bin/sh;
			shellScript = "diff \"${PODS_PODFILE_DIR_PATH}/Podfile.lock\" \"${PODS_ROOT}/Manifest.lock\" > /dev/null\nif [ $? != 0 ] ; then\n    # print error to STDERR\n    echo \"error: The sandbox is not in sync with the Podfile.lock. Run 'pod install' or update your CocoaPods installation.\" >&2\n    exit 1\nfi\n# This output is used by Xcode 'outputs' to avoid re-running this script phase.\necho \"SUCCESS\" > \"${SCRIPT_OUTPUT_FILE_0}\"\n";
			showEnvVarsInLog = 0;
		};
		92461F34FFE9D34020584425 /* [CP] Embed Pods Frameworks */ = {
			isa = PBXShellScriptBuildPhase;
			buildActionMask = 2147483647;
			files = (
			);
			inputFileListPaths = (
				"${PODS_ROOT}/Target Support Files/Pods-udpTest/Pods-udpTest-frameworks-${CONFIGURATION}-input-files.xcfilelist",
			);
			name = "[CP] Embed Pods Frameworks";
			outputFileListPaths = (
				"${PODS_ROOT}/Target Support Files/Pods-udpTest/Pods-udpTest-frameworks-${CONFIGURATION}-output-files.xcfilelist",
			);
			runOnlyForDeploymentPostprocessing = 0;
			shellPath = /bin/sh;
			shellScript = "\"${PODS_ROOT}/Target Support Files/Pods-udpTest/Pods-udpTest-frameworks.sh\"\n";
			showEnvVarsInLog = 0;
		};
		D21DAF232B529357B11E177E /* [CP] Check Pods Manifest.lock */ = {
			isa = PBXShellScriptBuildPhase;
			buildActionMask = 2147483647;
			files = (
			);
			inputFileListPaths = (
			);
			inputPaths = (
				"${PODS_PODFILE_DIR_PATH}/Podfile.lock",
				"${PODS_ROOT}/Manifest.lock",
			);
			name = "[CP] Check Pods Manifest.lock";
			outputFileListPaths = (
			);
			outputPaths = (
				"$(DERIVED_FILE_DIR)/Pods-udpTest-udpTestUITests-checkManifestLockResult.txt",
			);
			runOnlyForDeploymentPostprocessing = 0;
			shellPath = /bin/sh;
			shellScript = "diff \"${PODS_PODFILE_DIR_PATH}/Podfile.lock\" \"${PODS_ROOT}/Manifest.lock\" > /dev/null\nif [ $? != 0 ] ; then\n    # print error to STDERR\n    echo \"error: The sandbox is not in sync with the Podfile.lock. Run 'pod install' or update your CocoaPods installation.\" >&2\n    exit 1\nfi\n# This output is used by Xcode 'outputs' to avoid re-running this script phase.\necho \"SUCCESS\" > \"${SCRIPT_OUTPUT_FILE_0}\"\n";
			showEnvVarsInLog = 0;
		};
/* End PBXShellScriptBuildPhase section */

/* Begin PBXSourcesBuildPhase section */
		239276122695619C00BC94D3 /* Sources */ = {
			isa = PBXSourcesBuildPhase;
			buildActionMask = 2147483647;
			files = (
				2392761E2695619C00BC94D3 /* ViewController.swift in Sources */,
				2392761A2695619C00BC94D3 /* AppDelegate.swift in Sources */,
				2392761C2695619C00BC94D3 /* SceneDelegate.swift in Sources */,
				2392764A2695C64900BC94D3 /* HelloViewController.swift in Sources */,
			);
			runOnlyForDeploymentPostprocessing = 0;
		};
		239276282695619F00BC94D3 /* Sources */ = {
			isa = PBXSourcesBuildPhase;
			buildActionMask = 2147483647;
			files = (
				239276312695619F00BC94D3 /* udpTestTests.swift in Sources */,
			);
			runOnlyForDeploymentPostprocessing = 0;
		};
		239276332695619F00BC94D3 /* Sources */ = {
			isa = PBXSourcesBuildPhase;
			buildActionMask = 2147483647;
			files = (
				2392763C2695619F00BC94D3 /* udpTestUITests.swift in Sources */,
			);
			runOnlyForDeploymentPostprocessing = 0;
		};
/* End PBXSourcesBuildPhase section */

/* Begin PBXTargetDependency section */
		2392762E2695619F00BC94D3 /* PBXTargetDependency */ = {
			isa = PBXTargetDependency;
			target = 239276152695619C00BC94D3 /* udpTest */;
			targetProxy = 2392762D2695619F00BC94D3 /* PBXContainerItemProxy */;
		};
		239276392695619F00BC94D3 /* PBXTargetDependency */ = {
			isa = PBXTargetDependency;
			target = 239276152695619C00BC94D3 /* udpTest */;
			targetProxy = 239276382695619F00BC94D3 /* PBXContainerItemProxy */;
		};
/* End PBXTargetDependency section */

/* Begin PBXVariantGroup section */
		2392761F2695619C00BC94D3 /* Main.storyboard */ = {
			isa = PBXVariantGroup;
			children = (
				239276202695619C00BC94D3 /* Base */,
			);
			name = Main.storyboard;
			sourceTree = "<group>";
		};
		239276242695619E00BC94D3 /* LaunchScreen.storyboard */ = {
			isa = PBXVariantGroup;
			children = (
				239276252695619E00BC94D3 /* Base */,
			);
			name = LaunchScreen.storyboard;
			sourceTree = "<group>";
		};
/* End PBXVariantGroup section */

/* Begin XCBuildConfiguration section */
		2392763E2695619F00BC94D3 /* Debug */ = {
			isa = XCBuildConfiguration;
			buildSettings = {
				ALWAYS_SEARCH_USER_PATHS = NO;
				CLANG_ANALYZER_NONNULL = YES;
				CLANG_ANALYZER_NUMBER_OBJECT_CONVERSION = YES_AGGRESSIVE;
				CLANG_CXX_LANGUAGE_STANDARD = "gnu++14";
				CLANG_CXX_LIBRARY = "libc++";
				CLANG_ENABLE_MODULES = YES;
				CLANG_ENABLE_OBJC_ARC = YES;
				CLANG_ENABLE_OBJC_WEAK = YES;
				CLANG_WARN_BLOCK_CAPTURE_AUTORELEASING = YES;
				CLANG_WARN_BOOL_CONVERSION = YES;
				CLANG_WARN_COMMA = YES;
				CLANG_WARN_CONSTANT_CONVERSION = YES;
				CLANG_WARN_DEPRECATED_OBJC_IMPLEMENTATIONS = YES;
				CLANG_WARN_DIRECT_OBJC_ISA_USAGE = YES_ERROR;
				CLANG_WARN_DOCUMENTATION_COMMENTS = YES;
				CLANG_WARN_EMPTY_BODY = YES;
				CLANG_WARN_ENUM_CONVERSION = YES;
				CLANG_WARN_INFINITE_RECURSION = YES;
				CLANG_WARN_INT_CONVERSION = YES;
				CLANG_WARN_NON_LITERAL_NULL_CONVERSION = YES;
				CLANG_WARN_OBJC_IMPLICIT_RETAIN_SELF = YES;
				CLANG_WARN_OBJC_LITERAL_CONVERSION = YES;
				CLANG_WARN_OBJC_ROOT_CLASS = YES_ERROR;
				CLANG_WARN_QUOTED_INCLUDE_IN_FRAMEWORK_HEADER = YES;
				CLANG_WARN_RANGE_LOOP_ANALYSIS = YES;
				CLANG_WARN_STRICT_PROTOTYPES = YES;
				CLANG_WARN_SUSPICIOUS_MOVE = YES;
				CLANG_WARN_UNGUARDED_AVAILABILITY = YES_AGGRESSIVE;
				CLANG_WARN_UNREACHABLE_CODE = YES;
				CLANG_WARN__DUPLICATE_METHOD_MATCH = YES;
				COPY_PHASE_STRIP = NO;
				DEBUG_INFORMATION_FORMAT = dwarf;
				ENABLE_STRICT_OBJC_MSGSEND = YES;
				ENABLE_TESTABILITY = YES;
				GCC_C_LANGUAGE_STANDARD = gnu11;
				GCC_DYNAMIC_NO_PIC = NO;
				GCC_NO_COMMON_BLOCKS = YES;
				GCC_OPTIMIZATION_LEVEL = 0;
				GCC_PREPROCESSOR_DEFINITIONS = (
					"DEBUG=1",
					"$(inherited)",
				);
				GCC_WARN_64_TO_32_BIT_CONVERSION = YES;
				GCC_WARN_ABOUT_RETURN_TYPE = YES_ERROR;
				GCC_WARN_UNDECLARED_SELECTOR = YES;
				GCC_WARN_UNINITIALIZED_AUTOS = YES_AGGRESSIVE;
				GCC_WARN_UNUSED_FUNCTION = YES;
				GCC_WARN_UNUSED_VARIABLE = YES;
				IPHONEOS_DEPLOYMENT_TARGET = 14.5;
				MTL_ENABLE_DEBUG_INFO = INCLUDE_SOURCE;
				MTL_FAST_MATH = YES;
				ONLY_ACTIVE_ARCH = YES;
				SDKROOT = iphoneos;
				SWIFT_ACTIVE_COMPILATION_CONDITIONS = DEBUG;
				SWIFT_OPTIMIZATION_LEVEL = "-Onone";
			};
			name = Debug;
		};
		2392763F2695619F00BC94D3 /* Release */ = {
			isa = XCBuildConfiguration;
			buildSettings = {
				ALWAYS_SEARCH_USER_PATHS = NO;
				CLANG_ANALYZER_NONNULL = YES;
				CLANG_ANALYZER_NUMBER_OBJECT_CONVERSION = YES_AGGRESSIVE;
				CLANG_CXX_LANGUAGE_STANDARD = "gnu++14";
				CLANG_CXX_LIBRARY = "libc++";
				CLANG_ENABLE_MODULES = YES;
				CLANG_ENABLE_OBJC_ARC = YES;
				CLANG_ENABLE_OBJC_WEAK = YES;
				CLANG_WARN_BLOCK_CAPTURE_AUTORELEASING = YES;
				CLANG_WARN_BOOL_CONVERSION = YES;
				CLANG_WARN_COMMA = YES;
				CLANG_WARN_CONSTANT_CONVERSION = YES;
				CLANG_WARN_DEPRECATED_OBJC_IMPLEMENTATIONS = YES;
				CLANG_WARN_DIRECT_OBJC_ISA_USAGE = YES_ERROR;
				CLANG_WARN_DOCUMENTATION_COMMENTS = YES;
				CLANG_WARN_EMPTY_BODY = YES;
				CLANG_WARN_ENUM_CONVERSION = YES;
				CLANG_WARN_INFINITE_RECURSION = YES;
				CLANG_WARN_INT_CONVERSION = YES;
				CLANG_WARN_NON_LITERAL_NULL_CONVERSION = YES;
				CLANG_WARN_OBJC_IMPLICIT_RETAIN_SELF = YES;
				CLANG_WARN_OBJC_LITERAL_CONVERSION = YES;
				CLANG_WARN_OBJC_ROOT_CLASS = YES_ERROR;
				CLANG_WARN_QUOTED_INCLUDE_IN_FRAMEWORK_HEADER = YES;
				CLANG_WARN_RANGE_LOOP_ANALYSIS = YES;
				CLANG_WARN_STRICT_PROTOTYPES = YES;
				CLANG_WARN_SUSPICIOUS_MOVE = YES;
				CLANG_WARN_UNGUARDED_AVAILABILITY = YES_AGGRESSIVE;
				CLANG_WARN_UNREACHABLE_CODE = YES;
				CLANG_WARN__DUPLICATE_METHOD_MATCH = YES;
				COPY_PHASE_STRIP = NO;
				DEBUG_INFORMATION_FORMAT = "dwarf-with-dsym";
				ENABLE_NS_ASSERTIONS = NO;
				ENABLE_STRICT_OBJC_MSGSEND = YES;
				GCC_C_LANGUAGE_STANDARD = gnu11;
				GCC_NO_COMMON_BLOCKS = YES;
				GCC_WARN_64_TO_32_BIT_CONVERSION = YES;
				GCC_WARN_ABOUT_RETURN_TYPE = YES_ERROR;
				GCC_WARN_UNDECLARED_SELECTOR = YES;
				GCC_WARN_UNINITIALIZED_AUTOS = YES_AGGRESSIVE;
				GCC_WARN_UNUSED_FUNCTION = YES;
				GCC_WARN_UNUSED_VARIABLE = YES;
				IPHONEOS_DEPLOYMENT_TARGET = 14.5;
				MTL_ENABLE_DEBUG_INFO = NO;
				MTL_FAST_MATH = YES;
				SDKROOT = iphoneos;
				SWIFT_COMPILATION_MODE = wholemodule;
				SWIFT_OPTIMIZATION_LEVEL = "-O";
				VALIDATE_PRODUCT = YES;
			};
			name = Release;
		};
		239276412695619F00BC94D3 /* Debug */ = {
			isa = XCBuildConfiguration;
			baseConfigurationReference = A7C57F1D6DF35A2797EDE9FF /* Pods-udpTest.debug.xcconfig */;
			buildSettings = {
				ASSETCATALOG_COMPILER_APPICON_NAME = AppIcon;
				ASSETCATALOG_COMPILER_GLOBAL_ACCENT_COLOR_NAME = AccentColor;
				CODE_SIGN_STYLE = Automatic;
				INFOPLIST_FILE = udpTest/Info.plist;
				LD_RUNPATH_SEARCH_PATHS = (
					"$(inherited)",
					"@executable_path/Frameworks",
				);
				PRODUCT_BUNDLE_IDENTIFIER = yeoh.udpTest;
				PRODUCT_NAME = "$(TARGET_NAME)";
				SWIFT_VERSION = 5.0;
				TARGETED_DEVICE_FAMILY = "1,2";
			};
			name = Debug;
		};
		239276422695619F00BC94D3 /* Release */ = {
			isa = XCBuildConfiguration;
			baseConfigurationReference = 9A83FAD05DFBBD8304C1E6B1 /* Pods-udpTest.release.xcconfig */;
			buildSettings = {
				ASSETCATALOG_COMPILER_APPICON_NAME = AppIcon;
				ASSETCATALOG_COMPILER_GLOBAL_ACCENT_COLOR_NAME = AccentColor;
				CODE_SIGN_STYLE = Automatic;
				INFOPLIST_FILE = udpTest/Info.plist;
				LD_RUNPATH_SEARCH_PATHS = (
					"$(inherited)",
					"@executable_path/Frameworks",
				);
				PRODUCT_BUNDLE_IDENTIFIER = yeoh.udpTest;
				PRODUCT_NAME = "$(TARGET_NAME)";
				SWIFT_VERSION = 5.0;
				TARGETED_DEVICE_FAMILY = "1,2";
			};
			name = Release;
		};
		239276442695619F00BC94D3 /* Debug */ = {
			isa = XCBuildConfiguration;
			baseConfigurationReference = 4D29783FB6E90AEA473ED7EE /* Pods-udpTestTests.debug.xcconfig */;
			buildSettings = {
				ALWAYS_EMBED_SWIFT_STANDARD_LIBRARIES = YES;
				BUNDLE_LOADER = "$(TEST_HOST)";
				CODE_SIGN_STYLE = Automatic;
				INFOPLIST_FILE = udpTestTests/Info.plist;
				IPHONEOS_DEPLOYMENT_TARGET = 14.5;
				LD_RUNPATH_SEARCH_PATHS = (
					"$(inherited)",
					"@executable_path/Frameworks",
					"@loader_path/Frameworks",
				);
				PRODUCT_BUNDLE_IDENTIFIER = yeoh.udpTestTests;
				PRODUCT_NAME = "$(TARGET_NAME)";
				SWIFT_VERSION = 5.0;
				TARGETED_DEVICE_FAMILY = "1,2";
				TEST_HOST = "$(BUILT_PRODUCTS_DIR)/udpTest.app/udpTest";
			};
			name = Debug;
		};
		239276452695619F00BC94D3 /* Release */ = {
			isa = XCBuildConfiguration;
			baseConfigurationReference = 208C9EBBAFCE38BE2CA0A3A0 /* Pods-udpTestTests.release.xcconfig */;
			buildSettings = {
				ALWAYS_EMBED_SWIFT_STANDARD_LIBRARIES = YES;
				BUNDLE_LOADER = "$(TEST_HOST)";
				CODE_SIGN_STYLE = Automatic;
				INFOPLIST_FILE = udpTestTests/Info.plist;
				IPHONEOS_DEPLOYMENT_TARGET = 14.5;
				LD_RUNPATH_SEARCH_PATHS = (
					"$(inherited)",
					"@executable_path/Frameworks",
					"@loader_path/Frameworks",
				);
				PRODUCT_BUNDLE_IDENTIFIER = yeoh.udpTestTests;
				PRODUCT_NAME = "$(TARGET_NAME)";
				SWIFT_VERSION = 5.0;
				TARGETED_DEVICE_FAMILY = "1,2";
				TEST_HOST = "$(BUILT_PRODUCTS_DIR)/udpTest.app/udpTest";
			};
			name = Release;
		};
		239276472695619F00BC94D3 /* Debug */ = {
			isa = XCBuildConfiguration;
			baseConfigurationReference = A85174B54E78E8A20F6577C0 /* Pods-udpTest-udpTestUITests.debug.xcconfig */;
			buildSettings = {
				ALWAYS_EMBED_SWIFT_STANDARD_LIBRARIES = YES;
				CODE_SIGN_STYLE = Automatic;
				INFOPLIST_FILE = udpTestUITests/Info.plist;
				LD_RUNPATH_SEARCH_PATHS = (
					"$(inherited)",
					"@executable_path/Frameworks",
					"@loader_path/Frameworks",
				);
				PRODUCT_BUNDLE_IDENTIFIER = yeoh.udpTestUITests;
				PRODUCT_NAME = "$(TARGET_NAME)";
				SWIFT_VERSION = 5.0;
				TARGETED_DEVICE_FAMILY = "1,2";
				TEST_TARGET_NAME = udpTest;
			};
			name = Debug;
		};
		239276482695619F00BC94D3 /* Release */ = {
			isa = XCBuildConfiguration;
			baseConfigurationReference = 030B56F943AB2CB7B2F3E207 /* Pods-udpTest-udpTestUITests.release.xcconfig */;
			buildSettings = {
				ALWAYS_EMBED_SWIFT_STANDARD_LIBRARIES = YES;
				CODE_SIGN_STYLE = Automatic;
				INFOPLIST_FILE = udpTestUITests/Info.plist;
				LD_RUNPATH_SEARCH_PATHS = (
					"$(inherited)",
					"@executable_path/Frameworks",
					"@loader_path/Frameworks",
				);
				PRODUCT_BUNDLE_IDENTIFIER = yeoh.udpTestUITests;
				PRODUCT_NAME = "$(TARGET_NAME)";
				SWIFT_VERSION = 5.0;
				TARGETED_DEVICE_FAMILY = "1,2";
				TEST_TARGET_NAME = udpTest;
			};
			name = Release;
		};
/* End XCBuildConfiguration section */

/* Begin XCConfigurationList section */
		239276112695619C00BC94D3 /* Build configuration list for PBXProject "udpTest" */ = {
			isa = XCConfigurationList;
			buildConfigurations = (
				2392763E2695619F00BC94D3 /* Debug */,
				2392763F2695619F00BC94D3 /* Release */,
			);
			defaultConfigurationIsVisible = 0;
			defaultConfigurationName = Release;
		};
		239276402695619F00BC94D3 /* Build configuration list for PBXNativeTarget "udpTest" */ = {
			isa = XCConfigurationList;
			buildConfigurations = (
				239276412695619F00BC94D3 /* Debug */,
				239276422695619F00BC94D3 /* Release */,
			);
			defaultConfigurationIsVisible = 0;
			defaultConfigurationName = Release;
		};
		239276432695619F00BC94D3 /* Build configuration list for PBXNativeTarget "udpTestTests" */ = {
			isa = XCConfigurationList;
			buildConfigurations = (
				239276442695619F00BC94D3 /* Debug */,
				239276452695619F00BC94D3 /* Release */,
			);
			defaultConfigurationIsVisible = 0;
			defaultConfigurationName = Release;
		};
		239276462695619F00BC94D3 /* Build configuration list for PBXNativeTarget "udpTestUITests" */ = {
			isa = XCConfigurationList;
			buildConfigurations = (
				239276472695619F00BC94D3 /* Debug */,
				239276482695619F00BC94D3 /* Release */,
			);
			defaultConfigurationIsVisible = 0;
			defaultConfigurationName = Release;
		};
/* End XCConfigurationList section */
	};
	rootObject = 2392760E2695619C00BC94D3 /* Project object */;
}
